
Microsoft Visual Studio Solution File, Format Version 12.00
# Visual Studio 15
VisualStudioVersion = 15.0.28307.705
MinimumVisualStudioVersion = 10.0.40219.1
Project("{FAE04EC0-301F-11D3-BF4B-00C04F79EFBC}") = "BigSQLRunnerUI", "BigSQLRunnerUI\BigSQLRunnerUI.csproj", "{52C92D58-C3A2-4E57-A78F-22CB82425E95}"
EndProject
Global
	GlobalSection(SolutionConfigurationPlatforms) = preSolution
		Debug|Any CPU = Debug|Any CPU
		Release|Any CPU = Release|Any CPU
	EndGlobalSection
	GlobalSection(ProjectConfigurationPlatforms) = postSolution
		{52C92D58-C3A2-4E57-A78F-22CB82425E95}.Debug|Any CPU.ActiveCfg = Debug|Any CPU
		{52C92D58-C3A2-4E57-A78F-22CB82425E95}.Debug|Any CPU.Build.0 = Debug|Any CPU
		{52C92D58-C3A2-4E57-A78F-22CB82425E95}.Release|Any CPU.ActiveCfg = Release|Any CPU
		{52C92D58-C3A2-4E57-A78F-22CB82425E95}.Release|Any CPU.Build.0 = Release|Any CPU
	EndGlobalSection
	GlobalSection(SolutionProperties) = preSolution
		HideSolutionNode = FALSE
	EndGlobalSection
	GlobalSection(ExtensibilityGlobals) = postSolution
		SolutionGuid = {055E9EB7-18F4-4D58-A6A0-751CA44B3CE3}
	EndGlobalSection
EndGlobal
